
Microsoft Visual Studio Solution File, Format Version 12.00
# Visual Studio Version 16
VisualStudioVersion = 16.0.29215.179
MinimumVisualStudioVersion = 10.0.40219.1
Project("{FAE04EC0-301F-11D3-BF4B-00C04F79EFBC}") = "tbkk_AC", "tbkk_AC.csproj", "{CCE04B11-F2EA-4591-B0FC-B481328301A8}"
EndProject
Global
	GlobalSection(SolutionConfigurationPlatforms) = preSolution
		Debug|Any CPU = Debug|Any CPU
		Release|Any CPU = Release|Any CPU
	EndGlobalSection
	GlobalSection(ProjectConfigurationPlatforms) = postSolution
		{CCE04B11-F2EA-4591-B0FC-B481328301A8}.Debug|Any CPU.ActiveCfg = Debug|Any CPU
		{CCE04B11-F2EA-4591-B0FC-B481328301A8}.Debug|Any CPU.Build.0 = Debug|Any CPU
		{CCE04B11-F2EA-4591-B0FC-B481328301A8}.Release|Any CPU.ActiveCfg = Release|Any CPU
		{CCE04B11-F2EA-4591-B0FC-B481328301A8}.Release|Any CPU.Build.0 = Release|Any CPU
	EndGlobalSection
	GlobalSection(SolutionProperties) = preSolution
		HideSolutionNode = FALSE
	EndGlobalSection
	GlobalSection(ExtensibilityGlobals) = postSolution
		SolutionGuid = {4399F3F9-EAEF-460E-9186-D004E6E3FCF3}
	EndGlobalSection
EndGlobal
